
Microsoft Visual Studio Solution File, Format Version 12.00
# Visual Studio Version 17
VisualStudioVersion = 17.8.34601.278
MinimumVisualStudioVersion = 10.0.40219.1
Project("{FAE04EC0-301F-11D3-BF4B-00C04F79EFBC}") = "Task_25_TestWork_HealthBat", "Task_25_TestWork_HealthBat\Task_25_TestWork_HealthBat.csproj", "{F15D50EF-EBFF-45C4-9621-762A367BB92C}"
EndProject
Global
	GlobalSection(SolutionConfigurationPlatforms) = preSolution
		Debug|Any CPU = Debug|Any CPU
		Release|Any CPU = Release|Any CPU
	EndGlobalSection
	GlobalSection(ProjectConfigurationPlatforms) = postSolution
		{F15D50EF-EBFF-45C4-9621-762A367BB92C}.Debug|Any CPU.ActiveCfg = Debug|Any CPU
		{F15D50EF-EBFF-45C4-9621-762A367BB92C}.Debug|Any CPU.Build.0 = Debug|Any CPU
		{F15D50EF-EBFF-45C4-9621-762A367BB92C}.Release|Any CPU.ActiveCfg = Release|Any CPU
		{F15D50EF-EBFF-45C4-9621-762A367BB92C}.Release|Any CPU.Build.0 = Release|Any CPU
	EndGlobalSection
	GlobalSection(SolutionProperties) = preSolution
		HideSolutionNode = FALSE
	EndGlobalSection
	GlobalSection(ExtensibilityGlobals) = postSolution
		SolutionGuid = {731CA145-D7C8-46DC-A820-F491B92D7246}
	EndGlobalSection
EndGlobal
