
Microsoft Visual Studio Solution File, Format Version 12.00
# Visual Studio Version 17
VisualStudioVersion = 17.8.34601.278
MinimumVisualStudioVersion = 10.0.40219.1
Project("{FAE04EC0-301F-11D3-BF4B-00C04F79EFBC}") = "Task_34_OOP_Incapsulation_Player", "Task_34_OOP_Incapsulation_Player\Task_34_OOP_Incapsulation_Player.csproj", "{938C721E-122C-4980-B2B3-94548D9CBFA5}"
EndProject
Global
	GlobalSection(SolutionConfigurationPlatforms) = preSolution
		Debug|Any CPU = Debug|Any CPU
		Release|Any CPU = Release|Any CPU
	EndGlobalSection
	GlobalSection(ProjectConfigurationPlatforms) = postSolution
		{938C721E-122C-4980-B2B3-94548D9CBFA5}.Debug|Any CPU.ActiveCfg = Debug|Any CPU
		{938C721E-122C-4980-B2B3-94548D9CBFA5}.Debug|Any CPU.Build.0 = Debug|Any CPU
		{938C721E-122C-4980-B2B3-94548D9CBFA5}.Release|Any CPU.ActiveCfg = Release|Any CPU
		{938C721E-122C-4980-B2B3-94548D9CBFA5}.Release|Any CPU.Build.0 = Release|Any CPU
	EndGlobalSection
	GlobalSection(SolutionProperties) = preSolution
		HideSolutionNode = FALSE
	EndGlobalSection
	GlobalSection(ExtensibilityGlobals) = postSolution
		SolutionGuid = {F558524E-F8C8-4F9A-9D6C-955508122FC4}
	EndGlobalSection
EndGlobal
