
Microsoft Visual Studio Solution File, Format Version 12.00
# Visual Studio Version 17
VisualStudioVersion = 17.7.34003.232
MinimumVisualStudioVersion = 10.0.40219.1
Project("{FAE04EC0-301F-11D3-BF4B-00C04F79EFBC}") = "Task_6_Intcrement_Dickrement", "Task_6_Intcrement_Dickrement\Task_6_Intcrement_Dickrement.csproj", "{DA73E990-62C9-4970-B087-1457A374F91F}"
EndProject
Global
	GlobalSection(SolutionConfigurationPlatforms) = preSolution
		Debug|Any CPU = Debug|Any CPU
		Release|Any CPU = Release|Any CPU
	EndGlobalSection
	GlobalSection(ProjectConfigurationPlatforms) = postSolution
		{DA73E990-62C9-4970-B087-1457A374F91F}.Debug|Any CPU.ActiveCfg = Debug|Any CPU
		{DA73E990-62C9-4970-B087-1457A374F91F}.Debug|Any CPU.Build.0 = Debug|Any CPU
		{DA73E990-62C9-4970-B087-1457A374F91F}.Release|Any CPU.ActiveCfg = Release|Any CPU
		{DA73E990-62C9-4970-B087-1457A374F91F}.Release|Any CPU.Build.0 = Release|Any CPU
	EndGlobalSection
	GlobalSection(SolutionProperties) = preSolution
		HideSolutionNode = FALSE
	EndGlobalSection
	GlobalSection(ExtensibilityGlobals) = postSolution
		SolutionGuid = {EF01E0CC-55BB-4F9D-9CCF-D99AB6980359}
	EndGlobalSection
EndGlobal
