
Microsoft Visual Studio Solution File, Format Version 12.00
# Visual Studio Version 17
VisualStudioVersion = 17.7.34003.232
MinimumVisualStudioVersion = 10.0.40219.1
Project("{FAE04EC0-301F-11D3-BF4B-00C04F79EFBC}") = "Task_3_concatenation", "Task_3_concatenation\Task_3_concatenation.csproj", "{A2B676C6-82DF-492D-9CF9-9414285C4CBC}"
EndProject
Global
	GlobalSection(SolutionConfigurationPlatforms) = preSolution
		Debug|Any CPU = Debug|Any CPU
		Release|Any CPU = Release|Any CPU
	EndGlobalSection
	GlobalSection(ProjectConfigurationPlatforms) = postSolution
		{A2B676C6-82DF-492D-9CF9-9414285C4CBC}.Debug|Any CPU.ActiveCfg = Debug|Any CPU
		{A2B676C6-82DF-492D-9CF9-9414285C4CBC}.Debug|Any CPU.Build.0 = Debug|Any CPU
		{A2B676C6-82DF-492D-9CF9-9414285C4CBC}.Release|Any CPU.ActiveCfg = Release|Any CPU
		{A2B676C6-82DF-492D-9CF9-9414285C4CBC}.Release|Any CPU.Build.0 = Release|Any CPU
	EndGlobalSection
	GlobalSection(SolutionProperties) = preSolution
		HideSolutionNode = FALSE
	EndGlobalSection
	GlobalSection(ExtensibilityGlobals) = postSolution
		SolutionGuid = {AB932F98-2E53-4785-BF85-F586C814B800}
	EndGlobalSection
EndGlobal
