
Microsoft Visual Studio Solution File, Format Version 12.00
# Visual Studio Version 17
VisualStudioVersion = 17.8.34601.278
MinimumVisualStudioVersion = 10.0.40219.1
Project("{FAE04EC0-301F-11D3-BF4B-00C04F79EFBC}") = "TASK_OOP_GAME_MAIN_TEST_PRACTICAL", "TASK_OOP_GAME_MAIN_TEST_PRACTICAL\TASK_OOP_GAME_MAIN_TEST_PRACTICAL.csproj", "{60D56DBD-86B6-4777-92E8-80EB2F199E1E}"
EndProject
Global
	GlobalSection(SolutionConfigurationPlatforms) = preSolution
		Debug|Any CPU = Debug|Any CPU
		Release|Any CPU = Release|Any CPU
	EndGlobalSection
	GlobalSection(ProjectConfigurationPlatforms) = postSolution
		{60D56DBD-86B6-4777-92E8-80EB2F199E1E}.Debug|Any CPU.ActiveCfg = Debug|Any CPU
		{60D56DBD-86B6-4777-92E8-80EB2F199E1E}.Debug|Any CPU.Build.0 = Debug|Any CPU
		{60D56DBD-86B6-4777-92E8-80EB2F199E1E}.Release|Any CPU.ActiveCfg = Release|Any CPU
		{60D56DBD-86B6-4777-92E8-80EB2F199E1E}.Release|Any CPU.Build.0 = Release|Any CPU
	EndGlobalSection
	GlobalSection(SolutionProperties) = preSolution
		HideSolutionNode = FALSE
	EndGlobalSection
	GlobalSection(ExtensibilityGlobals) = postSolution
		SolutionGuid = {97251D3B-D1D9-406A-88F7-D41372D7918F}
	EndGlobalSection
EndGlobal
