
Microsoft Visual Studio Solution File, Format Version 12.00
# Visual Studio Version 17
VisualStudioVersion = 17.8.34601.278
MinimumVisualStudioVersion = 10.0.40219.1
Project("{FAE04EC0-301F-11D3-BF4B-00C04F79EFBC}") = "Task_46_LinQ", "Task_46_LinQ\Task_46_LinQ.csproj", "{2C6AF4A6-3432-4780-9053-AE6766AFBE3F}"
EndProject
Global
	GlobalSection(SolutionConfigurationPlatforms) = preSolution
		Debug|Any CPU = Debug|Any CPU
		Release|Any CPU = Release|Any CPU
	EndGlobalSection
	GlobalSection(ProjectConfigurationPlatforms) = postSolution
		{2C6AF4A6-3432-4780-9053-AE6766AFBE3F}.Debug|Any CPU.ActiveCfg = Debug|Any CPU
		{2C6AF4A6-3432-4780-9053-AE6766AFBE3F}.Debug|Any CPU.Build.0 = Debug|Any CPU
		{2C6AF4A6-3432-4780-9053-AE6766AFBE3F}.Release|Any CPU.ActiveCfg = Release|Any CPU
		{2C6AF4A6-3432-4780-9053-AE6766AFBE3F}.Release|Any CPU.Build.0 = Release|Any CPU
	EndGlobalSection
	GlobalSection(SolutionProperties) = preSolution
		HideSolutionNode = FALSE
	EndGlobalSection
	GlobalSection(ExtensibilityGlobals) = postSolution
		SolutionGuid = {F254C618-B33F-4ADB-8A59-2848842B85A2}
	EndGlobalSection
EndGlobal
