
Microsoft Visual Studio Solution File, Format Version 12.00
# Visual Studio Version 17
VisualStudioVersion = 17.8.34601.278
MinimumVisualStudioVersion = 10.0.40219.1
Project("{FAE04EC0-301F-11D3-BF4B-00C04F79EFBC}") = "Task_23_Ref_Out", "Task_23_Ref_Out\Task_23_Ref_Out.csproj", "{5D909680-CE3A-49B6-BDCA-B77620FAEF27}"
EndProject
Global
	GlobalSection(SolutionConfigurationPlatforms) = preSolution
		Debug|Any CPU = Debug|Any CPU
		Release|Any CPU = Release|Any CPU
	EndGlobalSection
	GlobalSection(ProjectConfigurationPlatforms) = postSolution
		{5D909680-CE3A-49B6-BDCA-B77620FAEF27}.Debug|Any CPU.ActiveCfg = Debug|Any CPU
		{5D909680-CE3A-49B6-BDCA-B77620FAEF27}.Debug|Any CPU.Build.0 = Debug|Any CPU
		{5D909680-CE3A-49B6-BDCA-B77620FAEF27}.Release|Any CPU.ActiveCfg = Release|Any CPU
		{5D909680-CE3A-49B6-BDCA-B77620FAEF27}.Release|Any CPU.Build.0 = Release|Any CPU
	EndGlobalSection
	GlobalSection(SolutionProperties) = preSolution
		HideSolutionNode = FALSE
	EndGlobalSection
	GlobalSection(ExtensibilityGlobals) = postSolution
		SolutionGuid = {23E853DA-88A6-4CB7-ABDC-D699C499A3E4}
	EndGlobalSection
EndGlobal
